
Microsoft Visual Studio Solution File, Format Version 12.00
# Visual Studio 15
VisualStudioVersion = 15.0.26403.7
MinimumVisualStudioVersion = 10.0.40219.1
Project("{FAE04EC0-301F-11D3-BF4B-00C04F79EFBC}") = "01. Type Boundaries", "01. Type Boundaries\01. Type Boundaries.csproj", "{461E032D-3B60-42EF-8DAB-4F5C5BC2CBA6}"
EndProject
Project("{FAE04EC0-301F-11D3-BF4B-00C04F79EFBC}") = "02. Number Checker", "02. Number Checker\02. Number Checker.csproj", "{28C2C598-A568-490C-B4E0-BBB8A1BC2022}"
EndProject
Project("{FAE04EC0-301F-11D3-BF4B-00C04F79EFBC}") = "03. Water Overflow", "03. Water Overflow\03. Water Overflow.csproj", "{20027C1D-D9CB-4BC6-8EAF-2704BC2AA2E1}"
EndProject
Project("{FAE04EC0-301F-11D3-BF4B-00C04F79EFBC}") = "04. Tourist Information", "04. Tourist Information\04. Tourist Information.csproj", "{6B5E87D8-8DCA-4169-9FC6-D879623C232B}"
EndProject
Project("{FAE04EC0-301F-11D3-BF4B-00C04F79EFBC}") = "05. Weather Forecast", "05. Weather Forecast\05. Weather Forecast.csproj", "{E9027B75-1FA4-4FB3-AB4C-2F5C62B2BBB9}"
EndProject
Project("{FAE04EC0-301F-11D3-BF4B-00C04F79EFBC}") = "06. Catch the Thief", "06. Catch the Thief\06. Catch the Thief.csproj", "{69B482CA-20A2-4430-AB20-83256D91D3F0}"
EndProject
Project("{FAE04EC0-301F-11D3-BF4B-00C04F79EFBC}") = "08. House Builder", "08. House Builder\08. House Builder.csproj", "{49FA79E9-2EF3-422C-AB7A-8F6F266D9084}"
EndProject
Project("{FAE04EC0-301F-11D3-BF4B-00C04F79EFBC}") = "09. Make a Word", "09. Make a Word\09. Make a Word.csproj", "{5336D743-28FC-4F54-A4AB-0766CF41D8ED}"
EndProject
Project("{FAE04EC0-301F-11D3-BF4B-00C04F79EFBC}") = "10. Sum of Chars", "10. Sum of Chars\10. Sum of Chars.csproj", "{4034CE4C-CC74-40FE-AD43-2DD2DABF6F2C}"
EndProject
Project("{FAE04EC0-301F-11D3-BF4B-00C04F79EFBC}") = "11. String Concatenation", "11. String Concatenation\11. String Concatenation.csproj", "{1E106BFF-6959-439C-8EF8-737458CD4641}"
EndProject
Project("{FAE04EC0-301F-11D3-BF4B-00C04F79EFBC}") = "12. Beer Kegs", "12. Beer Kegs\12. Beer Kegs.csproj", "{C5FD39B2-E778-41F2-9BBD-70A8607F4722}"
EndProject
Project("{FAE04EC0-301F-11D3-BF4B-00C04F79EFBC}") = "13. Decrypting Message", "13. Decrypting Message\13. Decrypting Message.csproj", "{637ECFC6-1018-4A99-BF07-88D47E662BC9}"
EndProject
Global
	GlobalSection(SolutionConfigurationPlatforms) = preSolution
		Debug|Any CPU = Debug|Any CPU
		Release|Any CPU = Release|Any CPU
	EndGlobalSection
	GlobalSection(ProjectConfigurationPlatforms) = postSolution
		{461E032D-3B60-42EF-8DAB-4F5C5BC2CBA6}.Debug|Any CPU.ActiveCfg = Debug|Any CPU
		{461E032D-3B60-42EF-8DAB-4F5C5BC2CBA6}.Debug|Any CPU.Build.0 = Debug|Any CPU
		{461E032D-3B60-42EF-8DAB-4F5C5BC2CBA6}.Release|Any CPU.ActiveCfg = Release|Any CPU
		{461E032D-3B60-42EF-8DAB-4F5C5BC2CBA6}.Release|Any CPU.Build.0 = Release|Any CPU
		{28C2C598-A568-490C-B4E0-BBB8A1BC2022}.Debug|Any CPU.ActiveCfg = Debug|Any CPU
		{28C2C598-A568-490C-B4E0-BBB8A1BC2022}.Debug|Any CPU.Build.0 = Debug|Any CPU
		{28C2C598-A568-490C-B4E0-BBB8A1BC2022}.Release|Any CPU.ActiveCfg = Release|Any CPU
		{28C2C598-A568-490C-B4E0-BBB8A1BC2022}.Release|Any CPU.Build.0 = Release|Any CPU
		{20027C1D-D9CB-4BC6-8EAF-2704BC2AA2E1}.Debug|Any CPU.ActiveCfg = Debug|Any CPU
		{20027C1D-D9CB-4BC6-8EAF-2704BC2AA2E1}.Debug|Any CPU.Build.0 = Debug|Any CPU
		{20027C1D-D9CB-4BC6-8EAF-2704BC2AA2E1}.Release|Any CPU.ActiveCfg = Release|Any CPU
		{20027C1D-D9CB-4BC6-8EAF-2704BC2AA2E1}.Release|Any CPU.Build.0 = Release|Any CPU
		{6B5E87D8-8DCA-4169-9FC6-D879623C232B}.Debug|Any CPU.ActiveCfg = Debug|Any CPU
		{6B5E87D8-8DCA-4169-9FC6-D879623C232B}.Debug|Any CPU.Build.0 = Debug|Any CPU
		{6B5E87D8-8DCA-4169-9FC6-D879623C232B}.Release|Any CPU.ActiveCfg = Release|Any CPU
		{6B5E87D8-8DCA-4169-9FC6-D879623C232B}.Release|Any CPU.Build.0 = Release|Any CPU
		{E9027B75-1FA4-4FB3-AB4C-2F5C62B2BBB9}.Debug|Any CPU.ActiveCfg = Debug|Any CPU
		{E9027B75-1FA4-4FB3-AB4C-2F5C62B2BBB9}.Debug|Any CPU.Build.0 = Debug|Any CPU
		{E9027B75-1FA4-4FB3-AB4C-2F5C62B2BBB9}.Release|Any CPU.ActiveCfg = Release|Any CPU
		{E9027B75-1FA4-4FB3-AB4C-2F5C62B2BBB9}.Release|Any CPU.Build.0 = Release|Any CPU
		{69B482CA-20A2-4430-AB20-83256D91D3F0}.Debug|Any CPU.ActiveCfg = Debug|Any CPU
		{69B482CA-20A2-4430-AB20-83256D91D3F0}.Debug|Any CPU.Build.0 = Debug|Any CPU
		{69B482CA-20A2-4430-AB20-83256D91D3F0}.Release|Any CPU.ActiveCfg = Release|Any CPU
		{69B482CA-20A2-4430-AB20-83256D91D3F0}.Release|Any CPU.Build.0 = Release|Any CPU
		{49FA79E9-2EF3-422C-AB7A-8F6F266D9084}.Debug|Any CPU.ActiveCfg = Debug|Any CPU
		{49FA79E9-2EF3-422C-AB7A-8F6F266D9084}.Debug|Any CPU.Build.0 = Debug|Any CPU
		{49FA79E9-2EF3-422C-AB7A-8F6F266D9084}.Release|Any CPU.ActiveCfg = Release|Any CPU
		{49FA79E9-2EF3-422C-AB7A-8F6F266D9084}.Release|Any CPU.Build.0 = Release|Any CPU
		{5336D743-28FC-4F54-A4AB-0766CF41D8ED}.Debug|Any CPU.ActiveCfg = Debug|Any CPU
		{5336D743-28FC-4F54-A4AB-0766CF41D8ED}.Debug|Any CPU.Build.0 = Debug|Any CPU
		{5336D743-28FC-4F54-A4AB-0766CF41D8ED}.Release|Any CPU.ActiveCfg = Release|Any CPU
		{5336D743-28FC-4F54-A4AB-0766CF41D8ED}.Release|Any CPU.Build.0 = Release|Any CPU
		{4034CE4C-CC74-40FE-AD43-2DD2DABF6F2C}.Debug|Any CPU.ActiveCfg = Debug|Any CPU
		{4034CE4C-CC74-40FE-AD43-2DD2DABF6F2C}.Debug|Any CPU.Build.0 = Debug|Any CPU
		{4034CE4C-CC74-40FE-AD43-2DD2DABF6F2C}.Release|Any CPU.ActiveCfg = Release|Any CPU
		{4034CE4C-CC74-40FE-AD43-2DD2DABF6F2C}.Release|Any CPU.Build.0 = Release|Any CPU
		{1E106BFF-6959-439C-8EF8-737458CD4641}.Debug|Any CPU.ActiveCfg = Debug|Any CPU
		{1E106BFF-6959-439C-8EF8-737458CD4641}.Debug|Any CPU.Build.0 = Debug|Any CPU
		{1E106BFF-6959-439C-8EF8-737458CD4641}.Release|Any CPU.ActiveCfg = Release|Any CPU
		{1E106BFF-6959-439C-8EF8-737458CD4641}.Release|Any CPU.Build.0 = Release|Any CPU
		{C5FD39B2-E778-41F2-9BBD-70A8607F4722}.Debug|Any CPU.ActiveCfg = Debug|Any CPU
		{C5FD39B2-E778-41F2-9BBD-70A8607F4722}.Debug|Any CPU.Build.0 = Debug|Any CPU
		{C5FD39B2-E778-41F2-9BBD-70A8607F4722}.Release|Any CPU.ActiveCfg = Release|Any CPU
		{C5FD39B2-E778-41F2-9BBD-70A8607F4722}.Release|Any CPU.Build.0 = Release|Any CPU
		{637ECFC6-1018-4A99-BF07-88D47E662BC9}.Debug|Any CPU.ActiveCfg = Debug|Any CPU
		{637ECFC6-1018-4A99-BF07-88D47E662BC9}.Debug|Any CPU.Build.0 = Debug|Any CPU
		{637ECFC6-1018-4A99-BF07-88D47E662BC9}.Release|Any CPU.ActiveCfg = Release|Any CPU
		{637ECFC6-1018-4A99-BF07-88D47E662BC9}.Release|Any CPU.Build.0 = Release|Any CPU
	EndGlobalSection
	GlobalSection(SolutionProperties) = preSolution
		HideSolutionNode = FALSE
	EndGlobalSection
EndGlobal
